{
    "name": "light-dom-element",
    "version": "0.0.5",
    "lockfileVersion": 2,
    "requires": true,
    "packages": {
        "": {
            "version": "0.0.5",
            "license": "Apache-2.0",
            "dependencies": {
                "css-chain": "^1.1.7",
                "shadow-dom-element": "^0.0.6"
            },
            "funding": {
                "type": "patreon",
                "url": "https://www.patreon.com/sashafirsov"
            }
        },
        "node_modules/css-chain": {
            "version": "1.1.7",
            "resolved": "https://registry.npmjs.org/css-chain/-/css-chain-1.1.7.tgz",
            "integrity": "sha512-+WC9bAxzzC/e/dTHMqjUAkWjWMXVCTFRUpuFlozNUI3/hha82cj5vavm1u+f8u7lvGkj20KkoAnyyLyKnRDraw==",
            "funding": {
                "type": "patreon",
                "url": "https://www.patreon.com/sashafirsov"
            }
        },
        "node_modules/shadow-dom-element": {
            "version": "0.0.6",
            "resolved": "https://registry.npmjs.org/shadow-dom-element/-/shadow-dom-element-0.0.6.tgz",
            "integrity": "sha512-3t/JEaguZ6op6fz4dTtZZLpjqOheyxFFXUyxtmMUl+Z8DnaoLI93+uXFOpPf2wVwFTrFHU2z2ruknrFHv5N/wQ==",
            "funding": {
                "type": "patreon",
                "url": "https://www.patreon.com/sashafirsov"
            }
        }
    },
    "dependencies": {
        "css-chain": {
            "version": "1.1.7",
            "resolved": "https://registry.npmjs.org/css-chain/-/css-chain-1.1.7.tgz",
            "integrity": "sha512-+WC9bAxzzC/e/dTHMqjUAkWjWMXVCTFRUpuFlozNUI3/hha82cj5vavm1u+f8u7lvGkj20KkoAnyyLyKnRDraw=="
        },
        "shadow-dom-element": {
            "version": "0.0.6",
            "resolved": "https://registry.npmjs.org/shadow-dom-element/-/shadow-dom-element-0.0.6.tgz",
            "integrity": "sha512-3t/JEaguZ6op6fz4dTtZZLpjqOheyxFFXUyxtmMUl+Z8DnaoLI93+uXFOpPf2wVwFTrFHU2z2ruknrFHv5N/wQ=="
        }
    }
}
