{
    "name": "light-dom-element",
    "version": "0.0.3",
    "lockfileVersion": 2,
    "requires": true,
    "packages": {
        "": {
            "version": "0.0.3",
            "license": "Apache-2.0",
            "dependencies": {
                "css-chain": "^1.1.3",
                "shadow-dom-element": "^0.0.3"
            },
            "funding": {
                "type": "patreon",
                "url": "https://www.patreon.com/sashafirsov"
            }
        },
        "node_modules/css-chain": {
            "version": "1.1.3",
            "resolved": "https://registry.npmjs.org/css-chain/-/css-chain-1.1.3.tgz",
            "integrity": "sha512-B6b8R3Xze426UdMEgozZJzQFK1oiDPaPqRVurDMUHtjjtxs3740ZxYccC0AcS/tbFr8qJxD0M01QKbV4CvzT1Q==",
            "funding": {
                "type": "patreon",
                "url": "https://www.patreon.com/sashafirsov"
            }
        },
        "node_modules/shadow-dom-element": {
            "version": "0.0.3",
            "resolved": "https://registry.npmjs.org/shadow-dom-element/-/shadow-dom-element-0.0.3.tgz",
            "integrity": "sha512-ahMm7WFn2wk6y6pk3nngQckuVS2eD3AHHL9JeQz9Z5YGW/SD3PzMili1cfwxjw1zcSt3RCfggD8144LOy6+NRA==",
            "funding": {
                "type": "patreon",
                "url": "https://www.patreon.com/sashafirsov"
            }
        }
    },
    "dependencies": {
        "css-chain": {
            "version": "1.1.3",
            "resolved": "https://registry.npmjs.org/css-chain/-/css-chain-1.1.3.tgz",
            "integrity": "sha512-B6b8R3Xze426UdMEgozZJzQFK1oiDPaPqRVurDMUHtjjtxs3740ZxYccC0AcS/tbFr8qJxD0M01QKbV4CvzT1Q=="
        },
        "shadow-dom-element": {
            "version": "0.0.3",
            "resolved": "https://registry.npmjs.org/shadow-dom-element/-/shadow-dom-element-0.0.3.tgz",
            "integrity": "sha512-ahMm7WFn2wk6y6pk3nngQckuVS2eD3AHHL9JeQz9Z5YGW/SD3PzMili1cfwxjw1zcSt3RCfggD8144LOy6+NRA=="
        }
    }
}
