{
    "name": "light-dom-element",
    "version": "0.0.4",
    "lockfileVersion": 2,
    "requires": true,
    "packages": {
        "": {
            "version": "0.0.4",
            "license": "Apache-2.0",
            "dependencies": {
                "css-chain": "^1.1.4",
                "shadow-dom-element": "^0.0.4"
            },
            "funding": {
                "type": "patreon",
                "url": "https://www.patreon.com/sashafirsov"
            }
        },
        "node_modules/css-chain": {
            "version": "1.1.4",
            "resolved": "https://registry.npmjs.org/css-chain/-/css-chain-1.1.4.tgz",
            "integrity": "sha512-QozLaF6uUZSUtxgjKXgWapAkOh2dO9l1sQMcq15AOgM74jVy7pBUnxMMm5H64bXjwrOA5/fg3PlfxBYpokU5Zw==",
            "funding": {
                "type": "patreon",
                "url": "https://www.patreon.com/sashafirsov"
            }
        },
        "node_modules/shadow-dom-element": {
            "version": "0.0.4",
            "resolved": "https://registry.npmjs.org/shadow-dom-element/-/shadow-dom-element-0.0.4.tgz",
            "integrity": "sha512-aaBF4eYFdvKqe7BL1FFpiWDZfLSVILUBpDYUi4r5EaLinC8oPJZnRKkAygf2Qz31/AfO+OrSb08Z/jVNVtsbfg==",
            "funding": {
                "type": "patreon",
                "url": "https://www.patreon.com/sashafirsov"
            }
        }
    },
    "dependencies": {
        "css-chain": {
            "version": "1.1.4",
            "resolved": "https://registry.npmjs.org/css-chain/-/css-chain-1.1.4.tgz",
            "integrity": "sha512-QozLaF6uUZSUtxgjKXgWapAkOh2dO9l1sQMcq15AOgM74jVy7pBUnxMMm5H64bXjwrOA5/fg3PlfxBYpokU5Zw=="
        },
        "shadow-dom-element": {
            "version": "0.0.4",
            "resolved": "https://registry.npmjs.org/shadow-dom-element/-/shadow-dom-element-0.0.4.tgz",
            "integrity": "sha512-aaBF4eYFdvKqe7BL1FFpiWDZfLSVILUBpDYUi4r5EaLinC8oPJZnRKkAygf2Qz31/AfO+OrSb08Z/jVNVtsbfg=="
        }
    }
}
